// !$*UTF8*$!
{
	archiveVersion = 1;
	classes = {
	};
	objectVersion = 55;
	objects = {

/* Begin PBXBuildFile section */
		5C032757282FDD9C0083DDB2 /* KanjiExtensions.swift in Sources */ = {isa = PBXBuildFile; fileRef = 5C032756282FDD9C0083DDB2 /* KanjiExtensions.swift */; };
		5C0327592830CE410083DDB2 /* PrintExtensions.swift in Sources */ = {isa = PBXBuildFile; fileRef = 5C0327582830CE410083DDB2 /* PrintExtensions.swift */; };
		5C03275B2831F7840083DDB2 /* RadicalExtentions.swift in Sources */ = {isa = PBXBuildFile; fileRef = 5C03275A2831F7840083DDB2 /* RadicalExtentions.swift */; };
		5C03275D2832289D0083DDB2 /* CollectionExtensions.swift in Sources */ = {isa = PBXBuildFile; fileRef = 5C03275C2832289D0083DDB2 /* CollectionExtensions.swift */; };
		5C2D3210280FF05C00D19F64 /* CardTransition.swift in Sources */ = {isa = PBXBuildFile; fileRef = 5C2D320F280FF05C00D19F64 /* CardTransition.swift */; };
		5C2D3212280FF1D700D19F64 /* CardStackView.swift in Sources */ = {isa = PBXBuildFile; fileRef = 5C2D3211280FF1D700D19F64 /* CardStackView.swift */; };
		5C2D3214280FF25000D19F64 /* CardDataModel.swift in Sources */ = {isa = PBXBuildFile; fileRef = 5C2D3213280FF25000D19F64 /* CardDataModel.swift */; };
		5C2D3217280FF2CE00D19F64 /* Stash.xcdatamodeld in Sources */ = {isa = PBXBuildFile; fileRef = 5C2D3215280FF2CE00D19F64 /* Stash.xcdatamodeld */; };
		5C2D321A280FF34B00D19F64 /* PersistenceController.swift in Sources */ = {isa = PBXBuildFile; fileRef = 5C2D3219280FF34B00D19F64 /* PersistenceController.swift */; };
		5C2D321D28100FA600D19F64 /* CardView.swift in Sources */ = {isa = PBXBuildFile; fileRef = 5C2D321C28100FA500D19F64 /* CardView.swift */; };
		5C2D321F2810105C00D19F64 /* cardDataModels.json in Resources */ = {isa = PBXBuildFile; fileRef = 5C2D321E2810105C00D19F64 /* cardDataModels.json */; };
		5C2D322328101DD100D19F64 /* NewCardsView.swift in Sources */ = {isa = PBXBuildFile; fileRef = 5C2D322228101DD100D19F64 /* NewCardsView.swift */; };
		5C2D322528101E0F00D19F64 /* MainMenuView.swift in Sources */ = {isa = PBXBuildFile; fileRef = 5C2D322428101E0F00D19F64 /* MainMenuView.swift */; };
		5C2D322828111BD200D19F64 /* EnvironmentVariables.swift in Sources */ = {isa = PBXBuildFile; fileRef = 5C2D322728111BD200D19F64 /* EnvironmentVariables.swift */; };
		5C2D322A28112DAB00D19F64 /* DisplayCard.swift in Sources */ = {isa = PBXBuildFile; fileRef = 5C2D322928112DAB00D19F64 /* DisplayCard.swift */; };
		5C2D322D2811851200D19F64 /* ButtonModifier.swift in Sources */ = {isa = PBXBuildFile; fileRef = 5C2D322C2811851200D19F64 /* ButtonModifier.swift */; };
		5C2D322F28124E0600D19F64 /* CardInfoView.swift in Sources */ = {isa = PBXBuildFile; fileRef = 5C2D322E28124E0600D19F64 /* CardInfoView.swift */; };
		5C40DD9D2828BD3200DE73BC /* MenuViewComponent.swift in Sources */ = {isa = PBXBuildFile; fileRef = 5C40DD9C2828BD3200DE73BC /* MenuViewComponent.swift */; };
		5C40DD9F2828C34E00DE73BC /* TitleModifier.swift in Sources */ = {isa = PBXBuildFile; fileRef = 5C40DD9E2828C34E00DE73BC /* TitleModifier.swift */; };
		5C40DDA32828C8A700DE73BC /* InfoRowView.swift in Sources */ = {isa = PBXBuildFile; fileRef = 5C40DDA22828C8A700DE73BC /* InfoRowView.swift */; };
		5C40DDA8282A391D00DE73BC /* KanjiView.swift in Sources */ = {isa = PBXBuildFile; fileRef = 5C40DDA7282A391D00DE73BC /* KanjiView.swift */; };
		5C70DC1F280FCC2E005FA650 /* Liy_KanjiApp.swift in Sources */ = {isa = PBXBuildFile; fileRef = 5C70DC1E280FCC2E005FA650 /* Liy_KanjiApp.swift */; };
		5C70DC21280FCC2E005FA650 /* ContentView.swift in Sources */ = {isa = PBXBuildFile; fileRef = 5C70DC20280FCC2E005FA650 /* ContentView.swift */; };
		5C70DC23280FCC30005FA650 /* Assets.xcassets in Resources */ = {isa = PBXBuildFile; fileRef = 5C70DC22280FCC30005FA650 /* Assets.xcassets */; };
		5C70DC26280FCC30005FA650 /* Preview Assets.xcassets in Resources */ = {isa = PBXBuildFile; fileRef = 5C70DC25280FCC30005FA650 /* Preview Assets.xcassets */; };
		5C70DC2F280FCE64005FA650 /* HeaderView.swift in Sources */ = {isa = PBXBuildFile; fileRef = 5C70DC2E280FCE64005FA650 /* HeaderView.swift */; };
		5C70DC31280FCFF5005FA650 /* SettingsView.swift in Sources */ = {isa = PBXBuildFile; fileRef = 5C70DC30280FCFF5005FA650 /* SettingsView.swift */; };
		5C70DC33280FD033005FA650 /* InfoView.swift in Sources */ = {isa = PBXBuildFile; fileRef = 5C70DC32280FD033005FA650 /* InfoView.swift */; };
		5C70DC35280FD747005FA650 /* MainMenuTabView.swift in Sources */ = {isa = PBXBuildFile; fileRef = 5C70DC34280FD747005FA650 /* MainMenuTabView.swift */; };
		5C70DC37280FD77D005FA650 /* MainMenuImage.swift in Sources */ = {isa = PBXBuildFile; fileRef = 5C70DC36280FD77D005FA650 /* MainMenuImage.swift */; };
		5C70DC3A280FDA59005FA650 /* testImages.json in Resources */ = {isa = PBXBuildFile; fileRef = 5C70DC39280FDA59005FA650 /* testImages.json */; };
		5C70DC3C280FDAF6005FA650 /* Constants.swift in Sources */ = {isa = PBXBuildFile; fileRef = 5C70DC3B280FDAF5005FA650 /* Constants.swift */; };
		5C70DC3F280FDBFC005FA650 /* CodeableBundleExtension.swift in Sources */ = {isa = PBXBuildFile; fileRef = 5C70DC3E280FDBFC005FA650 /* CodeableBundleExtension.swift */; };
		5C70DC41280FDC93005FA650 /* MainMenuImageView.swift in Sources */ = {isa = PBXBuildFile; fileRef = 5C70DC40280FDC93005FA650 /* MainMenuImageView.swift */; };
		5C70DC43280FE0F4005FA650 /* MainMenuButtonView.swift in Sources */ = {isa = PBXBuildFile; fileRef = 5C70DC42280FE0F4005FA650 /* MainMenuButtonView.swift */; };
		5C70DC47280FEAE1005FA650 /* ReviewsView.swift in Sources */ = {isa = PBXBuildFile; fileRef = 5C70DC46280FEAE1005FA650 /* ReviewsView.swift */; };
		5CF43A7E28126A61003F0459 /* FrontView.swift in Sources */ = {isa = PBXBuildFile; fileRef = 5CF43A7D28126A61003F0459 /* FrontView.swift */; };
		5CF43A8028126A70003F0459 /* BackView.swift in Sources */ = {isa = PBXBuildFile; fileRef = 5CF43A7F28126A70003F0459 /* BackView.swift */; };
		5CF43A83281280D7003F0459 /* FooterView.swift in Sources */ = {isa = PBXBuildFile; fileRef = 5CF43A82281280D7003F0459 /* FooterView.swift */; };
		5CF43A852812A0C2003F0459 /* SM2Algo.swift in Sources */ = {isa = PBXBuildFile; fileRef = 5CF43A842812A0C2003F0459 /* SM2Algo.swift */; };
		5CFAB602282BB00C0034E64D /* CardBrowserView.swift in Sources */ = {isa = PBXBuildFile; fileRef = 5CFAB601282BB00C0034E64D /* CardBrowserView.swift */; };
		5CFAB605282CA45C0034E64D /* CardBrowserCellView.swift in Sources */ = {isa = PBXBuildFile; fileRef = 5CFAB604282CA45C0034E64D /* CardBrowserCellView.swift */; };
		5CFAB607282CD7500034E64D /* KanjiCardExtention.swift in Sources */ = {isa = PBXBuildFile; fileRef = 5CFAB606282CD7500034E64D /* KanjiCardExtention.swift */; };
		5CFAB609282CDC820034E64D /* DateExtension.swift in Sources */ = {isa = PBXBuildFile; fileRef = 5CFAB608282CDC820034E64D /* DateExtension.swift */; };
/* End PBXBuildFile section */

/* Begin PBXFileReference section */
		5C032756282FDD9C0083DDB2 /* KanjiExtensions.swift */ = {isa = PBXFileReference; lastKnownFileType = sourcecode.swift; path = KanjiExtensions.swift; sourceTree = "<group>"; };
		5C0327582830CE410083DDB2 /* PrintExtensions.swift */ = {isa = PBXFileReference; lastKnownFileType = sourcecode.swift; path = PrintExtensions.swift; sourceTree = "<group>"; };
		5C03275A2831F7840083DDB2 /* RadicalExtentions.swift */ = {isa = PBXFileReference; lastKnownFileType = sourcecode.swift; path = RadicalExtentions.swift; sourceTree = "<group>"; };
		5C03275C2832289D0083DDB2 /* CollectionExtensions.swift */ = {isa = PBXFileReference; lastKnownFileType = sourcecode.swift; path = CollectionExtensions.swift; sourceTree = "<group>"; };
		5C2D320F280FF05C00D19F64 /* CardTransition.swift */ = {isa = PBXFileReference; lastKnownFileType = sourcecode.swift; path = CardTransition.swift; sourceTree = "<group>"; };
		5C2D3211280FF1D700D19F64 /* CardStackView.swift */ = {isa = PBXFileReference; lastKnownFileType = sourcecode.swift; path = CardStackView.swift; sourceTree = "<group>"; };
		5C2D3213280FF25000D19F64 /* CardDataModel.swift */ = {isa = PBXFileReference; lastKnownFileType = sourcecode.swift; path = CardDataModel.swift; sourceTree = "<group>"; };
		5C2D3216280FF2CE00D19F64 /* Stash.xcdatamodel */ = {isa = PBXFileReference; lastKnownFileType = wrapper.xcdatamodel; path = Stash.xcdatamodel; sourceTree = "<group>"; };
		5C2D3219280FF34B00D19F64 /* PersistenceController.swift */ = {isa = PBXFileReference; lastKnownFileType = sourcecode.swift; path = PersistenceController.swift; sourceTree = "<group>"; };
		5C2D321C28100FA500D19F64 /* CardView.swift */ = {isa = PBXFileReference; lastKnownFileType = sourcecode.swift; path = CardView.swift; sourceTree = "<group>"; };
		5C2D321E2810105C00D19F64 /* cardDataModels.json */ = {isa = PBXFileReference; lastKnownFileType = text.json; path = cardDataModels.json; sourceTree = "<group>"; };
		5C2D322228101DD100D19F64 /* NewCardsView.swift */ = {isa = PBXFileReference; lastKnownFileType = sourcecode.swift; path = NewCardsView.swift; sourceTree = "<group>"; };
		5C2D322428101E0F00D19F64 /* MainMenuView.swift */ = {isa = PBXFileReference; lastKnownFileType = sourcecode.swift; path = MainMenuView.swift; sourceTree = "<group>"; };
		5C2D322728111BD200D19F64 /* EnvironmentVariables.swift */ = {isa = PBXFileReference; lastKnownFileType = sourcecode.swift; path = EnvironmentVariables.swift; sourceTree = "<group>"; };
		5C2D322928112DAB00D19F64 /* DisplayCard.swift */ = {isa = PBXFileReference; lastKnownFileType = sourcecode.swift; path = DisplayCard.swift; sourceTree = "<group>"; };
		5C2D322C2811851200D19F64 /* ButtonModifier.swift */ = {isa = PBXFileReference; lastKnownFileType = sourcecode.swift; path = ButtonModifier.swift; sourceTree = "<group>"; };
		5C2D322E28124E0600D19F64 /* CardInfoView.swift */ = {isa = PBXFileReference; lastKnownFileType = sourcecode.swift; path = CardInfoView.swift; sourceTree = "<group>"; };
		5C40DD9C2828BD3200DE73BC /* MenuViewComponent.swift */ = {isa = PBXFileReference; lastKnownFileType = sourcecode.swift; path = MenuViewComponent.swift; sourceTree = "<group>"; };
		5C40DD9E2828C34E00DE73BC /* TitleModifier.swift */ = {isa = PBXFileReference; lastKnownFileType = sourcecode.swift; path = TitleModifier.swift; sourceTree = "<group>"; };
		5C40DDA22828C8A700DE73BC /* InfoRowView.swift */ = {isa = PBXFileReference; lastKnownFileType = sourcecode.swift; path = InfoRowView.swift; sourceTree = "<group>"; };
		5C40DDA7282A391D00DE73BC /* KanjiView.swift */ = {isa = PBXFileReference; lastKnownFileType = sourcecode.swift; path = KanjiView.swift; sourceTree = "<group>"; };
		5C70DC1B280FCC2E005FA650 /* Liy-Kanji.app */ = {isa = PBXFileReference; explicitFileType = wrapper.application; includeInIndex = 0; path = "Liy-Kanji.app"; sourceTree = BUILT_PRODUCTS_DIR; };
		5C70DC1E280FCC2E005FA650 /* Liy_KanjiApp.swift */ = {isa = PBXFileReference; lastKnownFileType = sourcecode.swift; path = Liy_KanjiApp.swift; sourceTree = "<group>"; };
		5C70DC20280FCC2E005FA650 /* ContentView.swift */ = {isa = PBXFileReference; lastKnownFileType = sourcecode.swift; path = ContentView.swift; sourceTree = "<group>"; };
		5C70DC22280FCC30005FA650 /* Assets.xcassets */ = {isa = PBXFileReference; lastKnownFileType = folder.assetcatalog; path = Assets.xcassets; sourceTree = "<group>"; };
		5C70DC25280FCC30005FA650 /* Preview Assets.xcassets */ = {isa = PBXFileReference; lastKnownFileType = folder.assetcatalog; path = "Preview Assets.xcassets"; sourceTree = "<group>"; };
		5C70DC2E280FCE64005FA650 /* HeaderView.swift */ = {isa = PBXFileReference; lastKnownFileType = sourcecode.swift; path = HeaderView.swift; sourceTree = "<group>"; };
		5C70DC30280FCFF5005FA650 /* SettingsView.swift */ = {isa = PBXFileReference; lastKnownFileType = sourcecode.swift; path = SettingsView.swift; sourceTree = "<group>"; };
		5C70DC32280FD033005FA650 /* InfoView.swift */ = {isa = PBXFileReference; lastKnownFileType = sourcecode.swift; path = InfoView.swift; sourceTree = "<group>"; };
		5C70DC34280FD747005FA650 /* MainMenuTabView.swift */ = {isa = PBXFileReference; lastKnownFileType = sourcecode.swift; path = MainMenuTabView.swift; sourceTree = "<group>"; };
		5C70DC36280FD77D005FA650 /* MainMenuImage.swift */ = {isa = PBXFileReference; lastKnownFileType = sourcecode.swift; path = MainMenuImage.swift; sourceTree = "<group>"; };
		5C70DC39280FDA59005FA650 /* testImages.json */ = {isa = PBXFileReference; fileEncoding = 4; lastKnownFileType = text.json; path = testImages.json; sourceTree = "<group>"; };
		5C70DC3B280FDAF5005FA650 /* Constants.swift */ = {isa = PBXFileReference; lastKnownFileType = sourcecode.swift; path = Constants.swift; sourceTree = "<group>"; };
		5C70DC3E280FDBFC005FA650 /* CodeableBundleExtension.swift */ = {isa = PBXFileReference; lastKnownFileType = sourcecode.swift; path = CodeableBundleExtension.swift; sourceTree = "<group>"; };
		5C70DC40280FDC93005FA650 /* MainMenuImageView.swift */ = {isa = PBXFileReference; lastKnownFileType = sourcecode.swift; path = MainMenuImageView.swift; sourceTree = "<group>"; };
		5C70DC42280FE0F4005FA650 /* MainMenuButtonView.swift */ = {isa = PBXFileReference; lastKnownFileType = sourcecode.swift; path = MainMenuButtonView.swift; sourceTree = "<group>"; };
		5C70DC46280FEAE1005FA650 /* ReviewsView.swift */ = {isa = PBXFileReference; lastKnownFileType = sourcecode.swift; path = ReviewsView.swift; sourceTree = "<group>"; };
		5CF43A7D28126A61003F0459 /* FrontView.swift */ = {isa = PBXFileReference; lastKnownFileType = sourcecode.swift; path = FrontView.swift; sourceTree = "<group>"; };
		5CF43A7F28126A70003F0459 /* BackView.swift */ = {isa = PBXFileReference; lastKnownFileType = sourcecode.swift; path = BackView.swift; sourceTree = "<group>"; };
		5CF43A82281280D7003F0459 /* FooterView.swift */ = {isa = PBXFileReference; lastKnownFileType = sourcecode.swift; path = FooterView.swift; sourceTree = "<group>"; };
		5CF43A842812A0C2003F0459 /* SM2Algo.swift */ = {isa = PBXFileReference; lastKnownFileType = sourcecode.swift; path = SM2Algo.swift; sourceTree = "<group>"; };
		5CFAB601282BB00C0034E64D /* CardBrowserView.swift */ = {isa = PBXFileReference; lastKnownFileType = sourcecode.swift; path = CardBrowserView.swift; sourceTree = "<group>"; };
		5CFAB604282CA45C0034E64D /* CardBrowserCellView.swift */ = {isa = PBXFileReference; lastKnownFileType = sourcecode.swift; path = CardBrowserCellView.swift; sourceTree = "<group>"; };
		5CFAB606282CD7500034E64D /* KanjiCardExtention.swift */ = {isa = PBXFileReference; lastKnownFileType = sourcecode.swift; path = KanjiCardExtention.swift; sourceTree = "<group>"; };
		5CFAB608282CDC820034E64D /* DateExtension.swift */ = {isa = PBXFileReference; lastKnownFileType = sourcecode.swift; path = DateExtension.swift; sourceTree = "<group>"; };
/* End PBXFileReference section */

/* Begin PBXFrameworksBuildPhase section */
		5C70DC18280FCC2E005FA650 /* Frameworks */ = {
			isa = PBXFrameworksBuildPhase;
			buildActionMask = 2147483647;
			files = (
			);
			runOnlyForDeploymentPostprocessing = 0;
		};
/* End PBXFrameworksBuildPhase section */

/* Begin PBXGroup section */
		5C2D321B28100F8800D19F64 /* Cards */ = {
			isa = PBXGroup;
			children = (
				5C2D321C28100FA500D19F64 /* CardView.swift */,
				5C2D322928112DAB00D19F64 /* DisplayCard.swift */,
				5C2D322E28124E0600D19F64 /* CardInfoView.swift */,
				5CF43A7D28126A61003F0459 /* FrontView.swift */,
				5CF43A7F28126A70003F0459 /* BackView.swift */,
			);
			path = Cards;
			sourceTree = "<group>";
		};
		5C2D322028101CEE00D19F64 /* Reviews */ = {
			isa = PBXGroup;
			children = (
				5C70DC46280FEAE1005FA650 /* ReviewsView.swift */,
				5C2D3211280FF1D700D19F64 /* CardStackView.swift */,
			);
			path = Reviews;
			sourceTree = "<group>";
		};
		5C2D322128101D0100D19F64 /* NewCards */ = {
			isa = PBXGroup;
			children = (
				5C2D322228101DD100D19F64 /* NewCardsView.swift */,
			);
			path = NewCards;
			sourceTree = "<group>";
		};
		5C2D322628111BB900D19F64 /* Extensions */ = {
			isa = PBXGroup;
			children = (
				5C2D322728111BD200D19F64 /* EnvironmentVariables.swift */,
				5CFAB606282CD7500034E64D /* KanjiCardExtention.swift */,
				5CFAB608282CDC820034E64D /* DateExtension.swift */,
				5C032756282FDD9C0083DDB2 /* KanjiExtensions.swift */,
				5C0327582830CE410083DDB2 /* PrintExtensions.swift */,
				5C03275A2831F7840083DDB2 /* RadicalExtentions.swift */,
				5C03275C2832289D0083DDB2 /* CollectionExtensions.swift */,
			);
			path = Extensions;
			sourceTree = "<group>";
		};
		5C2D322B281184FB00D19F64 /* Modifiers */ = {
			isa = PBXGroup;
			children = (
				5C2D322C2811851200D19F64 /* ButtonModifier.swift */,
				5C40DD9E2828C34E00DE73BC /* TitleModifier.swift */,
			);
			path = Modifiers;
			sourceTree = "<group>";
		};
		5C3BB159282DE743008F32F8 /* Managed */ = {
			isa = PBXGroup;
			children = (
			);
			path = Managed;
			sourceTree = "<group>";
		};
		5C3BB178282DF595008F32F8 /* System */ = {
			isa = PBXGroup;
			children = (
				5C70DC1E280FCC2E005FA650 /* Liy_KanjiApp.swift */,
			);
			path = System;
			sourceTree = "<group>";
		};
		5C3BB179282DF5B1008F32F8 /* Persistence */ = {
			isa = PBXGroup;
			children = (
				5C2D3219280FF34B00D19F64 /* PersistenceController.swift */,
				5C3BB159282DE743008F32F8 /* Managed */,
			);
			path = Persistence;
			sourceTree = "<group>";
		};
		5C3BB17A282DF5D2008F32F8 /* Canned */ = {
			isa = PBXGroup;
			children = (
				5C70DC39280FDA59005FA650 /* testImages.json */,
				5C2D321E2810105C00D19F64 /* cardDataModels.json */,
			);
			path = Canned;
			sourceTree = "<group>";
		};
		5C3BB17B282DF5F7008F32F8 /* Shared */ = {
			isa = PBXGroup;
			children = (
				5C2D322628111BB900D19F64 /* Extensions */,
				5C70DC3D280FDAFE005FA650 /* Utilities */,
			);
			path = Shared;
			sourceTree = "<group>";
		};
		5C40DD9B2828BCEF00DE73BC /* Components */ = {
			isa = PBXGroup;
			children = (
				5C40DD9C2828BD3200DE73BC /* MenuViewComponent.swift */,
			);
			path = Components;
			sourceTree = "<group>";
		};
		5C40DDA02828C3D300DE73BC /* Info View */ = {
			isa = PBXGroup;
			children = (
				5C70DC32280FD033005FA650 /* InfoView.swift */,
				5C40DDA22828C8A700DE73BC /* InfoRowView.swift */,
			);
			path = "Info View";
			sourceTree = "<group>";
		};
		5C40DDA12828C3DB00DE73BC /* Settings View */ = {
			isa = PBXGroup;
			children = (
				5C70DC30280FCFF5005FA650 /* SettingsView.swift */,
			);
			path = "Settings View";
			sourceTree = "<group>";
		};
		5C40DDA6282A38BF00DE73BC /* Kanji */ = {
			isa = PBXGroup;
			children = (
				5C40DDA7282A391D00DE73BC /* KanjiView.swift */,
			);
			path = Kanji;
			sourceTree = "<group>";
		};
		5C70DC12280FCC2E005FA650 = {
			isa = PBXGroup;
			children = (
				5C70DC1D280FCC2E005FA650 /* Liy-Kanji */,
				5C70DC1C280FCC2E005FA650 /* Products */,
			);
			sourceTree = "<group>";
		};
		5C70DC1C280FCC2E005FA650 /* Products */ = {
			isa = PBXGroup;
			children = (
				5C70DC1B280FCC2E005FA650 /* Liy-Kanji.app */,
			);
			name = Products;
			sourceTree = "<group>";
		};
		5C70DC1D280FCC2E005FA650 /* Liy-Kanji */ = {
			isa = PBXGroup;
			children = (
				5C3BB17B282DF5F7008F32F8 /* Shared */,
				5C3BB178282DF595008F32F8 /* System */,
				5C70DC2D280FCE43005FA650 /* Models */,
				5C70DC2C280FCE3F005FA650 /* Views */,
				5C2D322B281184FB00D19F64 /* Modifiers */,
				5C70DC38280FDA30005FA650 /* Data */,
				5C70DC24280FCC30005FA650 /* Preview Content */,
				5C70DC22280FCC30005FA650 /* Assets.xcassets */,
				5C2D3215280FF2CE00D19F64 /* Stash.xcdatamodeld */,
			);
			path = "Liy-Kanji";
			sourceTree = "<group>";
		};
		5C70DC24280FCC30005FA650 /* Preview Content */ = {
			isa = PBXGroup;
			children = (
				5C70DC25280FCC30005FA650 /* Preview Assets.xcassets */,
			);
			path = "Preview Content";
			sourceTree = "<group>";
		};
		5C70DC2C280FCE3F005FA650 /* Views */ = {
			isa = PBXGroup;
			children = (
				5C70DC20280FCC2E005FA650 /* ContentView.swift */,
				5C40DD9B2828BCEF00DE73BC /* Components */,
				5CFAB603282BB1340034E64D /* MainViews */,
				5C40DDA6282A38BF00DE73BC /* Kanji */,
				5C70DC44280FE68A005FA650 /* MainMenu */,
				5C2D321B28100F8800D19F64 /* Cards */,
				5CF43A81281280B4003F0459 /* Footer */,
				5C70DC45280FE6A5005FA650 /* Header */,
			);
			path = Views;
			sourceTree = "<group>";
		};
		5C70DC2D280FCE43005FA650 /* Models */ = {
			isa = PBXGroup;
			children = (
				5C70DC36280FD77D005FA650 /* MainMenuImage.swift */,
				5C2D3213280FF25000D19F64 /* CardDataModel.swift */,
				5CF43A842812A0C2003F0459 /* SM2Algo.swift */,
			);
			path = Models;
			sourceTree = "<group>";
		};
		5C70DC38280FDA30005FA650 /* Data */ = {
			isa = PBXGroup;
			children = (
				5C3BB17A282DF5D2008F32F8 /* Canned */,
				5C3BB179282DF5B1008F32F8 /* Persistence */,
			);
			path = Data;
			sourceTree = "<group>";
		};
		5C70DC3D280FDAFE005FA650 /* Utilities */ = {
			isa = PBXGroup;
			children = (
				5C70DC3E280FDBFC005FA650 /* CodeableBundleExtension.swift */,
				5C2D320F280FF05C00D19F64 /* CardTransition.swift */,
				5C70DC3B280FDAF5005FA650 /* Constants.swift */,
			);
			path = Utilities;
			sourceTree = "<group>";
		};
		5C70DC44280FE68A005FA650 /* MainMenu */ = {
			isa = PBXGroup;
			children = (
				5C70DC34280FD747005FA650 /* MainMenuTabView.swift */,
				5C70DC40280FDC93005FA650 /* MainMenuImageView.swift */,
				5C70DC42280FE0F4005FA650 /* MainMenuButtonView.swift */,
				5C2D322428101E0F00D19F64 /* MainMenuView.swift */,
				5C40DDA12828C3DB00DE73BC /* Settings View */,
				5C40DDA02828C3D300DE73BC /* Info View */,
			);
			path = MainMenu;
			sourceTree = "<group>";
		};
		5C70DC45280FE6A5005FA650 /* Header */ = {
			isa = PBXGroup;
			children = (
				5C70DC2E280FCE64005FA650 /* HeaderView.swift */,
			);
			path = Header;
			sourceTree = "<group>";
		};
		5CF43A81281280B4003F0459 /* Footer */ = {
			isa = PBXGroup;
			children = (
				5CF43A82281280D7003F0459 /* FooterView.swift */,
			);
			path = Footer;
			sourceTree = "<group>";
		};
		5CFAB600282BAFEC0034E64D /* CardBrowser */ = {
			isa = PBXGroup;
			children = (
				5CFAB601282BB00C0034E64D /* CardBrowserView.swift */,
				5CFAB604282CA45C0034E64D /* CardBrowserCellView.swift */,
			);
			path = CardBrowser;
			sourceTree = "<group>";
		};
		5CFAB603282BB1340034E64D /* MainViews */ = {
			isa = PBXGroup;
			children = (
				5C2D322128101D0100D19F64 /* NewCards */,
				5C2D322028101CEE00D19F64 /* Reviews */,
				5CFAB600282BAFEC0034E64D /* CardBrowser */,
			);
			path = MainViews;
			sourceTree = "<group>";
		};
/* End PBXGroup section */

/* Begin PBXNativeTarget section */
		5C70DC1A280FCC2E005FA650 /* Liy-Kanji */ = {
			isa = PBXNativeTarget;
			buildConfigurationList = 5C70DC29280FCC30005FA650 /* Build configuration list for PBXNativeTarget "Liy-Kanji" */;
			buildPhases = (
				5C70DC17280FCC2E005FA650 /* Sources */,
				5C70DC18280FCC2E005FA650 /* Frameworks */,
				5C70DC19280FCC2E005FA650 /* Resources */,
			);
			buildRules = (
			);
			dependencies = (
			);
			name = "Liy-Kanji";
			productName = "Liy-Kanji";
			productReference = 5C70DC1B280FCC2E005FA650 /* Liy-Kanji.app */;
			productType = "com.apple.product-type.application";
		};
/* End PBXNativeTarget section */

/* Begin PBXProject section */
		5C70DC13280FCC2E005FA650 /* Project object */ = {
			isa = PBXProject;
			attributes = {
				BuildIndependentTargetsInParallel = 1;
				LastSwiftUpdateCheck = 1330;
				LastUpgradeCheck = 1330;
				TargetAttributes = {
					5C70DC1A280FCC2E005FA650 = {
						CreatedOnToolsVersion = 13.3.1;
					};
				};
			};
			buildConfigurationList = 5C70DC16280FCC2E005FA650 /* Build configuration list for PBXProject "Liy-Kanji" */;
			compatibilityVersion = "Xcode 13.0";
			developmentRegion = en;
			hasScannedForEncodings = 0;
			knownRegions = (
				en,
				Base,
			);
			mainGroup = 5C70DC12280FCC2E005FA650;
			productRefGroup = 5C70DC1C280FCC2E005FA650 /* Products */;
			projectDirPath = "";
			projectRoot = "";
			targets = (
				5C70DC1A280FCC2E005FA650 /* Liy-Kanji */,
			);
		};
/* End PBXProject section */

/* Begin PBXResourcesBuildPhase section */
		5C70DC19280FCC2E005FA650 /* Resources */ = {
			isa = PBXResourcesBuildPhase;
			buildActionMask = 2147483647;
			files = (
				5C70DC26280FCC30005FA650 /* Preview Assets.xcassets in Resources */,
				5C70DC3A280FDA59005FA650 /* testImages.json in Resources */,
				5C70DC23280FCC30005FA650 /* Assets.xcassets in Resources */,
				5C2D321F2810105C00D19F64 /* cardDataModels.json in Resources */,
			);
			runOnlyForDeploymentPostprocessing = 0;
		};
/* End PBXResourcesBuildPhase section */

/* Begin PBXSourcesBuildPhase section */
		5C70DC17280FCC2E005FA650 /* Sources */ = {
			isa = PBXSourcesBuildPhase;
			buildActionMask = 2147483647;
			files = (
				5C70DC47280FEAE1005FA650 /* ReviewsView.swift in Sources */,
				5CF43A8028126A70003F0459 /* BackView.swift in Sources */,
				5C2D3212280FF1D700D19F64 /* CardStackView.swift in Sources */,
				5C40DD9F2828C34E00DE73BC /* TitleModifier.swift in Sources */,
				5CF43A83281280D7003F0459 /* FooterView.swift in Sources */,
				5C70DC43280FE0F4005FA650 /* MainMenuButtonView.swift in Sources */,
				5C70DC35280FD747005FA650 /* MainMenuTabView.swift in Sources */,
				5C70DC21280FCC2E005FA650 /* ContentView.swift in Sources */,
				5C2D322328101DD100D19F64 /* NewCardsView.swift in Sources */,
				5C70DC31280FCFF5005FA650 /* SettingsView.swift in Sources */,
				5C40DDA32828C8A700DE73BC /* InfoRowView.swift in Sources */,
				5C70DC37280FD77D005FA650 /* MainMenuImage.swift in Sources */,
				5C70DC2F280FCE64005FA650 /* HeaderView.swift in Sources */,
				5CFAB609282CDC820034E64D /* DateExtension.swift in Sources */,
				5CFAB605282CA45C0034E64D /* CardBrowserCellView.swift in Sources */,
				5C0327592830CE410083DDB2 /* PrintExtensions.swift in Sources */,
				5C70DC33280FD033005FA650 /* InfoView.swift in Sources */,
				5C40DD9D2828BD3200DE73BC /* MenuViewComponent.swift in Sources */,
				5C2D322A28112DAB00D19F64 /* DisplayCard.swift in Sources */,
				5C2D322528101E0F00D19F64 /* MainMenuView.swift in Sources */,
				5C2D3210280FF05C00D19F64 /* CardTransition.swift in Sources */,
				5CFAB607282CD7500034E64D /* KanjiCardExtention.swift in Sources */,
				5C40DDA8282A391D00DE73BC /* KanjiView.swift in Sources */,
				5C2D322D2811851200D19F64 /* ButtonModifier.swift in Sources */,
				5C2D322F28124E0600D19F64 /* CardInfoView.swift in Sources */,
				5C03275D2832289D0083DDB2 /* CollectionExtensions.swift in Sources */,
				5C2D321D28100FA600D19F64 /* CardView.swift in Sources */,
				5C2D321A280FF34B00D19F64 /* PersistenceController.swift in Sources */,
				5CFAB602282BB00C0034E64D /* CardBrowserView.swift in Sources */,
				5C70DC41280FDC93005FA650 /* MainMenuImageView.swift in Sources */,
				5C03275B2831F7840083DDB2 /* RadicalExtentions.swift in Sources */,
				5C70DC1F280FCC2E005FA650 /* Liy_KanjiApp.swift in Sources */,
				5C032757282FDD9C0083DDB2 /* KanjiExtensions.swift in Sources */,
				5C70DC3C280FDAF6005FA650 /* Constants.swift in Sources */,
				5C2D3217280FF2CE00D19F64 /* Stash.xcdatamodeld in Sources */,
				5C2D3214280FF25000D19F64 /* CardDataModel.swift in Sources */,
				5C70DC3F280FDBFC005FA650 /* CodeableBundleExtension.swift in Sources */,
				5CF43A852812A0C2003F0459 /* SM2Algo.swift in Sources */,
				5C2D322828111BD200D19F64 /* EnvironmentVariables.swift in Sources */,
				5CF43A7E28126A61003F0459 /* FrontView.swift in Sources */,
			);
			runOnlyForDeploymentPostprocessing = 0;
		};
/* End PBXSourcesBuildPhase section */

/* Begin XCBuildConfiguration section */
		5C70DC27280FCC30005FA650 /* Debug */ = {
			isa = XCBuildConfiguration;
			buildSettings = {
				ALWAYS_SEARCH_USER_PATHS = NO;
				CLANG_ANALYZER_NONNULL = YES;
				CLANG_ANALYZER_NUMBER_OBJECT_CONVERSION = YES_AGGRESSIVE;
				CLANG_CXX_LANGUAGE_STANDARD = "gnu++17";
				CLANG_ENABLE_MODULES = YES;
				CLANG_ENABLE_OBJC_ARC = YES;
				CLANG_ENABLE_OBJC_WEAK = YES;
				CLANG_WARN_BLOCK_CAPTURE_AUTORELEASING = YES;
				CLANG_WARN_BOOL_CONVERSION = YES;
				CLANG_WARN_COMMA = YES;
				CLANG_WARN_CONSTANT_CONVERSION = YES;
				CLANG_WARN_DEPRECATED_OBJC_IMPLEMENTATIONS = YES;
				CLANG_WARN_DIRECT_OBJC_ISA_USAGE = YES_ERROR;
				CLANG_WARN_DOCUMENTATION_COMMENTS = YES;
				CLANG_WARN_EMPTY_BODY = YES;
				CLANG_WARN_ENUM_CONVERSION = YES;
				CLANG_WARN_INFINITE_RECURSION = YES;
				CLANG_WARN_INT_CONVERSION = YES;
				CLANG_WARN_NON_LITERAL_NULL_CONVERSION = YES;
				CLANG_WARN_OBJC_IMPLICIT_RETAIN_SELF = YES;
				CLANG_WARN_OBJC_LITERAL_CONVERSION = YES;
				CLANG_WARN_OBJC_ROOT_CLASS = YES_ERROR;
				CLANG_WARN_QUOTED_INCLUDE_IN_FRAMEWORK_HEADER = YES;
				CLANG_WARN_RANGE_LOOP_ANALYSIS = YES;
				CLANG_WARN_STRICT_PROTOTYPES = YES;
				CLANG_WARN_SUSPICIOUS_MOVE = YES;
				CLANG_WARN_UNGUARDED_AVAILABILITY = YES_AGGRESSIVE;
				CLANG_WARN_UNREACHABLE_CODE = YES;
				CLANG_WARN__DUPLICATE_METHOD_MATCH = YES;
				COPY_PHASE_STRIP = NO;
				DEBUG_INFORMATION_FORMAT = dwarf;
				ENABLE_STRICT_OBJC_MSGSEND = YES;
				ENABLE_TESTABILITY = YES;
				GCC_C_LANGUAGE_STANDARD = gnu11;
				GCC_DYNAMIC_NO_PIC = NO;
				GCC_NO_COMMON_BLOCKS = YES;
				GCC_OPTIMIZATION_LEVEL = 0;
				GCC_PREPROCESSOR_DEFINITIONS = (
					"DEBUG=1",
					"$(inherited)",
				);
				GCC_WARN_64_TO_32_BIT_CONVERSION = YES;
				GCC_WARN_ABOUT_RETURN_TYPE = YES_ERROR;
				GCC_WARN_UNDECLARED_SELECTOR = YES;
				GCC_WARN_UNINITIALIZED_AUTOS = YES_AGGRESSIVE;
				GCC_WARN_UNUSED_FUNCTION = YES;
				GCC_WARN_UNUSED_VARIABLE = YES;
				IPHONEOS_DEPLOYMENT_TARGET = 15.4;
				MTL_ENABLE_DEBUG_INFO = INCLUDE_SOURCE;
				MTL_FAST_MATH = YES;
				ONLY_ACTIVE_ARCH = YES;
				SDKROOT = iphoneos;
				SWIFT_ACTIVE_COMPILATION_CONDITIONS = DEBUG;
				SWIFT_OPTIMIZATION_LEVEL = "-Onone";
			};
			name = Debug;
		};
		5C70DC28280FCC30005FA650 /* Release */ = {
			isa = XCBuildConfiguration;
			buildSettings = {
				ALWAYS_SEARCH_USER_PATHS = NO;
				CLANG_ANALYZER_NONNULL = YES;
				CLANG_ANALYZER_NUMBER_OBJECT_CONVERSION = YES_AGGRESSIVE;
				CLANG_CXX_LANGUAGE_STANDARD = "gnu++17";
				CLANG_ENABLE_MODULES = YES;
				CLANG_ENABLE_OBJC_ARC = YES;
				CLANG_ENABLE_OBJC_WEAK = YES;
				CLANG_WARN_BLOCK_CAPTURE_AUTORELEASING = YES;
				CLANG_WARN_BOOL_CONVERSION = YES;
				CLANG_WARN_COMMA = YES;
				CLANG_WARN_CONSTANT_CONVERSION = YES;
				CLANG_WARN_DEPRECATED_OBJC_IMPLEMENTATIONS = YES;
				CLANG_WARN_DIRECT_OBJC_ISA_USAGE = YES_ERROR;
				CLANG_WARN_DOCUMENTATION_COMMENTS = YES;
				CLANG_WARN_EMPTY_BODY = YES;
				CLANG_WARN_ENUM_CONVERSION = YES;
				CLANG_WARN_INFINITE_RECURSION = YES;
				CLANG_WARN_INT_CONVERSION = YES;
				CLANG_WARN_NON_LITERAL_NULL_CONVERSION = YES;
				CLANG_WARN_OBJC_IMPLICIT_RETAIN_SELF = YES;
				CLANG_WARN_OBJC_LITERAL_CONVERSION = YES;
				CLANG_WARN_OBJC_ROOT_CLASS = YES_ERROR;
				CLANG_WARN_QUOTED_INCLUDE_IN_FRAMEWORK_HEADER = YES;
				CLANG_WARN_RANGE_LOOP_ANALYSIS = YES;
				CLANG_WARN_STRICT_PROTOTYPES = YES;
				CLANG_WARN_SUSPICIOUS_MOVE = YES;
				CLANG_WARN_UNGUARDED_AVAILABILITY = YES_AGGRESSIVE;
				CLANG_WARN_UNREACHABLE_CODE = YES;
				CLANG_WARN__DUPLICATE_METHOD_MATCH = YES;
				COPY_PHASE_STRIP = NO;
				DEBUG_INFORMATION_FORMAT = "dwarf-with-dsym";
				ENABLE_NS_ASSERTIONS = NO;
				ENABLE_STRICT_OBJC_MSGSEND = YES;
				GCC_C_LANGUAGE_STANDARD = gnu11;
				GCC_NO_COMMON_BLOCKS = YES;
				GCC_WARN_64_TO_32_BIT_CONVERSION = YES;
				GCC_WARN_ABOUT_RETURN_TYPE = YES_ERROR;
				GCC_WARN_UNDECLARED_SELECTOR = YES;
				GCC_WARN_UNINITIALIZED_AUTOS = YES_AGGRESSIVE;
				GCC_WARN_UNUSED_FUNCTION = YES;
				GCC_WARN_UNUSED_VARIABLE = YES;
				IPHONEOS_DEPLOYMENT_TARGET = 15.4;
				MTL_ENABLE_DEBUG_INFO = NO;
				MTL_FAST_MATH = YES;
				SDKROOT = iphoneos;
				SWIFT_COMPILATION_MODE = wholemodule;
				SWIFT_OPTIMIZATION_LEVEL = "-O";
				VALIDATE_PRODUCT = YES;
			};
			name = Release;
		};
		5C70DC2A280FCC30005FA650 /* Debug */ = {
			isa = XCBuildConfiguration;
			buildSettings = {
				ASSETCATALOG_COMPILER_APPICON_NAME = AppIcon;
				ASSETCATALOG_COMPILER_GLOBAL_ACCENT_COLOR_NAME = AccentColor;
				CODE_SIGN_STYLE = Automatic;
				CURRENT_PROJECT_VERSION = 1;
				DEVELOPMENT_ASSET_PATHS = "\"Liy-Kanji/Preview Content\"";
				DEVELOPMENT_TEAM = 24495W6MQC;
				ENABLE_PREVIEWS = YES;
				GENERATE_INFOPLIST_FILE = YES;
				INFOPLIST_KEY_UIApplicationSceneManifest_Generation = YES;
				INFOPLIST_KEY_UIApplicationSupportsIndirectInputEvents = YES;
				INFOPLIST_KEY_UILaunchScreen_Generation = YES;
				INFOPLIST_KEY_UISupportedInterfaceOrientations_iPad = "UIInterfaceOrientationPortrait UIInterfaceOrientationPortraitUpsideDown UIInterfaceOrientationLandscapeLeft UIInterfaceOrientationLandscapeRight";
				INFOPLIST_KEY_UISupportedInterfaceOrientations_iPhone = "UIInterfaceOrientationPortrait UIInterfaceOrientationLandscapeLeft UIInterfaceOrientationLandscapeRight";
				LD_RUNPATH_SEARCH_PATHS = (
					"$(inherited)",
					"@executable_path/Frameworks",
				);
				MARKETING_VERSION = 1.0;
				PRODUCT_BUNDLE_IDENTIFIER = "liyicky.Liy-Kanji";
				PRODUCT_NAME = "$(TARGET_NAME)";
				SWIFT_EMIT_LOC_STRINGS = YES;
				SWIFT_VERSION = 5.0;
				TARGETED_DEVICE_FAMILY = "1,2";
			};
			name = Debug;
		};
		5C70DC2B280FCC30005FA650 /* Release */ = {
			isa = XCBuildConfiguration;
			buildSettings = {
				ASSETCATALOG_COMPILER_APPICON_NAME = AppIcon;
				ASSETCATALOG_COMPILER_GLOBAL_ACCENT_COLOR_NAME = AccentColor;
				CODE_SIGN_STYLE = Automatic;
				CURRENT_PROJECT_VERSION = 1;
				DEVELOPMENT_ASSET_PATHS = "\"Liy-Kanji/Preview Content\"";
				DEVELOPMENT_TEAM = 24495W6MQC;
				ENABLE_PREVIEWS = YES;
				GENERATE_INFOPLIST_FILE = YES;
				INFOPLIST_KEY_UIApplicationSceneManifest_Generation = YES;
				INFOPLIST_KEY_UIApplicationSupportsIndirectInputEvents = YES;
				INFOPLIST_KEY_UILaunchScreen_Generation = YES;
				INFOPLIST_KEY_UISupportedInterfaceOrientations_iPad = "UIInterfaceOrientationPortrait UIInterfaceOrientationPortraitUpsideDown UIInterfaceOrientationLandscapeLeft UIInterfaceOrientationLandscapeRight";
				INFOPLIST_KEY_UISupportedInterfaceOrientations_iPhone = "UIInterfaceOrientationPortrait UIInterfaceOrientationLandscapeLeft UIInterfaceOrientationLandscapeRight";
				LD_RUNPATH_SEARCH_PATHS = (
					"$(inherited)",
					"@executable_path/Frameworks",
				);
				MARKETING_VERSION = 1.0;
				PRODUCT_BUNDLE_IDENTIFIER = "liyicky.Liy-Kanji";
				PRODUCT_NAME = "$(TARGET_NAME)";
				SWIFT_EMIT_LOC_STRINGS = YES;
				SWIFT_VERSION = 5.0;
				TARGETED_DEVICE_FAMILY = "1,2";
			};
			name = Release;
		};
/* End XCBuildConfiguration section */

/* Begin XCConfigurationList section */
		5C70DC16280FCC2E005FA650 /* Build configuration list for PBXProject "Liy-Kanji" */ = {
			isa = XCConfigurationList;
			buildConfigurations = (
				5C70DC27280FCC30005FA650 /* Debug */,
				5C70DC28280FCC30005FA650 /* Release */,
			);
			defaultConfigurationIsVisible = 0;
			defaultConfigurationName = Release;
		};
		5C70DC29280FCC30005FA650 /* Build configuration list for PBXNativeTarget "Liy-Kanji" */ = {
			isa = XCConfigurationList;
			buildConfigurations = (
				5C70DC2A280FCC30005FA650 /* Debug */,
				5C70DC2B280FCC30005FA650 /* Release */,
			);
			defaultConfigurationIsVisible = 0;
			defaultConfigurationName = Release;
		};
/* End XCConfigurationList section */

/* Begin XCVersionGroup section */
		5C2D3215280FF2CE00D19F64 /* Stash.xcdatamodeld */ = {
			isa = XCVersionGroup;
			children = (
				5C2D3216280FF2CE00D19F64 /* Stash.xcdatamodel */,
			);
			currentVersion = 5C2D3216280FF2CE00D19F64 /* Stash.xcdatamodel */;
			path = Stash.xcdatamodeld;
			sourceTree = "<group>";
			versionGroupType = wrapper.xcdatamodel;
		};
/* End XCVersionGroup section */
	};
	rootObject = 5C70DC13280FCC2E005FA650 /* Project object */;
}
